// !$*UTF8*$!
{
	archiveVersion = 1;
	classes = {
	};
	objectVersion = 50;
	objects = {

/* Begin PBXBuildFile section */
		BD0D6AB7246073E300D052EA /* MealTableViewCell.swift in Sources */ = {isa = PBXBuildFile; fileRef = BD0D6AB6246073E300D052EA /* MealTableViewCell.swift */; };
		BD0D6AB9246076FC00D052EA /* MealTableViewController.swift in Sources */ = {isa = PBXBuildFile; fileRef = BD0D6AB8246076FC00D052EA /* MealTableViewController.swift */; };
		BD13E63E245F2DDF000F6F62 /* RatingControl.swift in Sources */ = {isa = PBXBuildFile; fileRef = BD13E63D245F2DDF000F6F62 /* RatingControl.swift */; };
		BD13E640245F658A000F6F62 /* Meal.swift in Sources */ = {isa = PBXBuildFile; fileRef = BD13E63F245F658A000F6F62 /* Meal.swift */; };
		BD3EECBC245DFB6D00A9C557 /* AppDelegate.swift in Sources */ = {isa = PBXBuildFile; fileRef = BD3EECBB245DFB6D00A9C557 /* AppDelegate.swift */; };
		BD3EECBE245DFB6D00A9C557 /* SceneDelegate.swift in Sources */ = {isa = PBXBuildFile; fileRef = BD3EECBD245DFB6D00A9C557 /* SceneDelegate.swift */; };
		BD3EECC0245DFB6D00A9C557 /* MealViewController.swift in Sources */ = {isa = PBXBuildFile; fileRef = BD3EECBF245DFB6D00A9C557 /* MealViewController.swift */; };
		BD3EECC3245DFB6D00A9C557 /* Main.storyboard in Resources */ = {isa = PBXBuildFile; fileRef = BD3EECC1245DFB6D00A9C557 /* Main.storyboard */; };
		BD3EECC5245DFB7000A9C557 /* Assets.xcassets in Resources */ = {isa = PBXBuildFile; fileRef = BD3EECC4245DFB7000A9C557 /* Assets.xcassets */; };
		BD3EECC8245DFB7100A9C557 /* LaunchScreen.storyboard in Resources */ = {isa = PBXBuildFile; fileRef = BD3EECC6245DFB7100A9C557 /* LaunchScreen.storyboard */; };
		BD3EECD3245DFB7100A9C557 /* FoodTrackerTests.swift in Sources */ = {isa = PBXBuildFile; fileRef = BD3EECD2245DFB7100A9C557 /* FoodTrackerTests.swift */; };
		BD3EECDE245DFB7100A9C557 /* FoodTrackerUITests.swift in Sources */ = {isa = PBXBuildFile; fileRef = BD3EECDD245DFB7100A9C557 /* FoodTrackerUITests.swift */; };
/* End PBXBuildFile section */

/* Begin PBXContainerItemProxy section */
		BD3EECCF245DFB7100A9C557 /* PBXContainerItemProxy */ = {
			isa = PBXContainerItemProxy;
			containerPortal = BD3EECB0245DFB6D00A9C557 /* Project object */;
			proxyType = 1;
			remoteGlobalIDString = BD3EECB7245DFB6D00A9C557;
			remoteInfo = FoodTracker;
		};
		BD3EECDA245DFB7100A9C557 /* PBXContainerItemProxy */ = {
			isa = PBXContainerItemProxy;
			containerPortal = BD3EECB0245DFB6D00A9C557 /* Project object */;
			proxyType = 1;
			remoteGlobalIDString = BD3EECB7245DFB6D00A9C557;
			remoteInfo = FoodTracker;
		};
/* End PBXContainerItemProxy section */

/* Begin PBXFileReference section */
		BD0D6AB6246073E300D052EA /* MealTableViewCell.swift */ = {isa = PBXFileReference; lastKnownFileType = sourcecode.swift; path = MealTableViewCell.swift; sourceTree = "<group>"; };
		BD0D6AB8246076FC00D052EA /* MealTableViewController.swift */ = {isa = PBXFileReference; lastKnownFileType = sourcecode.swift; path = MealTableViewController.swift; sourceTree = "<group>"; };
		BD13E63D245F2DDF000F6F62 /* RatingControl.swift */ = {isa = PBXFileReference; lastKnownFileType = sourcecode.swift; path = RatingControl.swift; sourceTree = "<group>"; };
		BD13E63F245F658A000F6F62 /* Meal.swift */ = {isa = PBXFileReference; lastKnownFileType = sourcecode.swift; path = Meal.swift; sourceTree = "<group>"; };
		BD3EECB8245DFB6D00A9C557 /* FoodTracker.app */ = {isa = PBXFileReference; explicitFileType = wrapper.application; includeInIndex = 0; path = FoodTracker.app; sourceTree = BUILT_PRODUCTS_DIR; };
		BD3EECBB245DFB6D00A9C557 /* AppDelegate.swift */ = {isa = PBXFileReference; lastKnownFileType = sourcecode.swift; path = AppDelegate.swift; sourceTree = "<group>"; };
		BD3EECBD245DFB6D00A9C557 /* SceneDelegate.swift */ = {isa = PBXFileReference; lastKnownFileType = sourcecode.swift; path = SceneDelegate.swift; sourceTree = "<group>"; };
		BD3EECBF245DFB6D00A9C557 /* MealViewController.swift */ = {isa = PBXFileReference; lastKnownFileType = sourcecode.swift; path = MealViewController.swift; sourceTree = "<group>"; };
		BD3EECC2245DFB6D00A9C557 /* Base */ = {isa = PBXFileReference; lastKnownFileType = file.storyboard; name = Base; path = Base.lproj/Main.storyboard; sourceTree = "<group>"; };
		BD3EECC4245DFB7000A9C557 /* Assets.xcassets */ = {isa = PBXFileReference; lastKnownFileType = folder.assetcatalog; path = Assets.xcassets; sourceTree = "<group>"; };
		BD3EECC7245DFB7100A9C557 /* Base */ = {isa = PBXFileReference; lastKnownFileType = file.storyboard; name = Base; path = Base.lproj/LaunchScreen.storyboard; sourceTree = "<group>"; };
		BD3EECC9245DFB7100A9C557 /* Info.plist */ = {isa = PBXFileReference; lastKnownFileType = text.plist.xml; path = Info.plist; sourceTree = "<group>"; };
		BD3EECCE245DFB7100A9C557 /* FoodTrackerTests.xctest */ = {isa = PBXFileReference; explicitFileType = wrapper.cfbundle; includeInIndex = 0; path = FoodTrackerTests.xctest; sourceTree = BUILT_PRODUCTS_DIR; };
		BD3EECD2245DFB7100A9C557 /* FoodTrackerTests.swift */ = {isa = PBXFileReference; lastKnownFileType = sourcecode.swift; path = FoodTrackerTests.swift; sourceTree = "<group>"; };
		BD3EECD4245DFB7100A9C557 /* Info.plist */ = {isa = PBXFileReference; lastKnownFileType = text.plist.xml; path = Info.plist; sourceTree = "<group>"; };
		BD3EECD9245DFB7100A9C557 /* FoodTrackerUITests.xctest */ = {isa = PBXFileReference; explicitFileType = wrapper.cfbundle; includeInIndex = 0; path = FoodTrackerUITests.xctest; sourceTree = BUILT_PRODUCTS_DIR; };
		BD3EECDD245DFB7100A9C557 /* FoodTrackerUITests.swift */ = {isa = PBXFileReference; lastKnownFileType = sourcecode.swift; path = FoodTrackerUITests.swift; sourceTree = "<group>"; };
		BD3EECDF245DFB7100A9C557 /* Info.plist */ = {isa = PBXFileReference; lastKnownFileType = text.plist.xml; path = Info.plist; sourceTree = "<group>"; };
/* End PBXFileReference section */

/* Begin PBXFrameworksBuildPhase section */
		BD3EECB5245DFB6D00A9C557 /* Frameworks */ = {
			isa = PBXFrameworksBuildPhase;
			buildActionMask = 2147483647;
			files = (
			);
			runOnlyForDeploymentPostprocessing = 0;
		};
		BD3EECCB245DFB7100A9C557 /* Frameworks */ = {
			isa = PBXFrameworksBuildPhase;
			buildActionMask = 2147483647;
			files = (
			);
			runOnlyForDeploymentPostprocessing = 0;
		};
		BD3EECD6245DFB7100A9C557 /* Frameworks */ = {
			isa = PBXFrameworksBuildPhase;
			buildActionMask = 2147483647;
			files = (
			);
			runOnlyForDeploymentPostprocessing = 0;
		};
/* End PBXFrameworksBuildPhase section */

/* Begin PBXGroup section */
		BD3EECAF245DFB6D00A9C557 = {
			isa = PBXGroup;
			children = (
				BD3EECBA245DFB6D00A9C557 /* FoodTracker */,
				BD3EECD1245DFB7100A9C557 /* FoodTrackerTests */,
				BD3EECDC245DFB7100A9C557 /* FoodTrackerUITests */,
				BD3EECB9245DFB6D00A9C557 /* Products */,
			);
			sourceTree = "<group>";
		};
		BD3EECB9245DFB6D00A9C557 /* Products */ = {
			isa = PBXGroup;
			children = (
				BD3EECB8245DFB6D00A9C557 /* FoodTracker.app */,
				BD3EECCE245DFB7100A9C557 /* FoodTrackerTests.xctest */,
				BD3EECD9245DFB7100A9C557 /* FoodTrackerUITests.xctest */,
			);
			name = Products;
			sourceTree = "<group>";
		};
		BD3EECBA245DFB6D00A9C557 /* FoodTracker */ = {
			isa = PBXGroup;
			children = (
				BD3EECBB245DFB6D00A9C557 /* AppDelegate.swift */,
				BD3EECBD245DFB6D00A9C557 /* SceneDelegate.swift */,
				BD3EECBF245DFB6D00A9C557 /* MealViewController.swift */,
				BD13E63F245F658A000F6F62 /* Meal.swift */,
				BD13E63D245F2DDF000F6F62 /* RatingControl.swift */,
				BD0D6AB6246073E300D052EA /* MealTableViewCell.swift */,
				BD0D6AB8246076FC00D052EA /* MealTableViewController.swift */,
				BD3EECC1245DFB6D00A9C557 /* Main.storyboard */,
				BD3EECC4245DFB7000A9C557 /* Assets.xcassets */,
				BD3EECC6245DFB7100A9C557 /* LaunchScreen.storyboard */,
				BD3EECC9245DFB7100A9C557 /* Info.plist */,
			);
			path = FoodTracker;
			sourceTree = "<group>";
		};
		BD3EECD1245DFB7100A9C557 /* FoodTrackerTests */ = {
			isa = PBXGroup;
			children = (
				BD3EECD2245DFB7100A9C557 /* FoodTrackerTests.swift */,
				BD3EECD4245DFB7100A9C557 /* Info.plist */,
			);
			path = FoodTrackerTests;
			sourceTree = "<group>";
		};
		BD3EECDC245DFB7100A9C557 /* FoodTrackerUITests */ = {
			isa = PBXGroup;
			children = (
				BD3EECDD245DFB7100A9C557 /* FoodTrackerUITests.swift */,
				BD3EECDF245DFB7100A9C557 /* Info.plist */,
			);
			path = FoodTrackerUITests;
			sourceTree = "<group>";
		};
/* End PBXGroup section */

/* Begin PBXNativeTarget section */
		BD3EECB7245DFB6D00A9C557 /* FoodTracker */ = {
			isa = PBXNativeTarget;
			buildConfigurationList = BD3EECE2245DFB7100A9C557 /* Build configuration list for PBXNativeTarget "FoodTracker" */;
			buildPhases = (
				BD3EECB4245DFB6D00A9C557 /* Sources */,
				BD3EECB5245DFB6D00A9C557 /* Frameworks */,
				BD3EECB6245DFB6D00A9C557 /* Resources */,
			);
			buildRules = (
			);
			dependencies = (
			);
			name = FoodTracker;
			productName = FoodTracker;
			productReference = BD3EECB8245DFB6D00A9C557 /* FoodTracker.app */;
			productType = "com.apple.product-type.application";
		};
		BD3EECCD245DFB7100A9C557 /* FoodTrackerTests */ = {
			isa = PBXNativeTarget;
			buildConfigurationList = BD3EECE5245DFB7100A9C557 /* Build configuration list for PBXNativeTarget "FoodTrackerTests" */;
			buildPhases = (
				BD3EECCA245DFB7100A9C557 /* Sources */,
				BD3EECCB245DFB7100A9C557 /* Frameworks */,
				BD3EECCC245DFB7100A9C557 /* Resources */,
			);
			buildRules = (
			);
			dependencies = (
				BD3EECD0245DFB7100A9C557 /* PBXTargetDependency */,
			);
			name = FoodTrackerTests;
			productName = FoodTrackerTests;
			productReference = BD3EECCE245DFB7100A9C557 /* FoodTrackerTests.xctest */;
			productType = "com.apple.product-type.bundle.unit-test";
		};
		BD3EECD8245DFB7100A9C557 /* FoodTrackerUITests */ = {
			isa = PBXNativeTarget;
			buildConfigurationList = BD3EECE8245DFB7100A9C557 /* Build configuration list for PBXNativeTarget "FoodTrackerUITests" */;
			buildPhases = (
				BD3EECD5245DFB7100A9C557 /* Sources */,
				BD3EECD6245DFB7100A9C557 /* Frameworks */,
				BD3EECD7245DFB7100A9C557 /* Resources */,
			);
			buildRules = (
			);
			dependencies = (
				BD3EECDB245DFB7100A9C557 /* PBXTargetDependency */,
			);
			name = FoodTrackerUITests;
			productName = FoodTrackerUITests;
			productReference = BD3EECD9245DFB7100A9C557 /* FoodTrackerUITests.xctest */;
			productType = "com.apple.product-type.bundle.ui-testing";
		};
/* End PBXNativeTarget section */

/* Begin PBXProject section */
		BD3EECB0245DFB6D00A9C557 /* Project object */ = {
			isa = PBXProject;
			attributes = {
				LastSwiftUpdateCheck = 1140;
				LastUpgradeCheck = 1140;
				ORGANIZATIONNAME = "Tin Kit  Wong ";
				TargetAttributes = {
					BD3EECB7245DFB6D00A9C557 = {
						CreatedOnToolsVersion = 11.4.1;
					};
					BD3EECCD245DFB7100A9C557 = {
						CreatedOnToolsVersion = 11.4.1;
						TestTargetID = BD3EECB7245DFB6D00A9C557;
					};
					BD3EECD8245DFB7100A9C557 = {
						CreatedOnToolsVersion = 11.4.1;
						TestTargetID = BD3EECB7245DFB6D00A9C557;
					};
				};
			};
			buildConfigurationList = BD3EECB3245DFB6D00A9C557 /* Build configuration list for PBXProject "FoodTracker" */;
			compatibilityVersion = "Xcode 9.3";
			developmentRegion = en;
			hasScannedForEncodings = 0;
			knownRegions = (
				en,
				Base,
			);
			mainGroup = BD3EECAF245DFB6D00A9C557;
			productRefGroup = BD3EECB9245DFB6D00A9C557 /* Products */;
			projectDirPath = "";
			projectRoot = "";
			targets = (
				BD3EECB7245DFB6D00A9C557 /* FoodTracker */,
				BD3EECCD245DFB7100A9C557 /* FoodTrackerTests */,
				BD3EECD8245DFB7100A9C557 /* FoodTrackerUITests */,
			);
		};
/* End PBXProject section */

/* Begin PBXResourcesBuildPhase section */
		BD3EECB6245DFB6D00A9C557 /* Resources */ = {
			isa = PBXResourcesBuildPhase;
			buildActionMask = 2147483647;
			files = (
				BD3EECC8245DFB7100A9C557 /* LaunchScreen.storyboard in Resources */,
				BD3EECC5245DFB7000A9C557 /* Assets.xcassets in Resources */,
				BD3EECC3245DFB6D00A9C557 /* Main.storyboard in Resources */,
			);
			runOnlyForDeploymentPostprocessing = 0;
		};
		BD3EECCC245DFB7100A9C557 /* Resources */ = {
			isa = PBXResourcesBuildPhase;
			buildActionMask = 2147483647;
			files = (
			);
			runOnlyForDeploymentPostprocessing = 0;
		};
		BD3EECD7245DFB7100A9C557 /* Resources */ = {
			isa = PBXResourcesBuildPhase;
			buildActionMask = 2147483647;
			files = (
			);
			runOnlyForDeploymentPostprocessing = 0;
		};
/* End PBXResourcesBuildPhase section */

/* Begin PBXSourcesBuildPhase section */
		BD3EECB4245DFB6D00A9C557 /* Sources */ = {
			isa = PBXSourcesBuildPhase;
			buildActionMask = 2147483647;
			files = (
				BD13E640245F658A000F6F62 /* Meal.swift in Sources */,
				BD13E63E245F2DDF000F6F62 /* RatingControl.swift in Sources */,
				BD0D6AB9246076FC00D052EA /* MealTableViewController.swift in Sources */,
				BD0D6AB7246073E300D052EA /* MealTableViewCell.swift in Sources */,
				BD3EECC0245DFB6D00A9C557 /* MealViewController.swift in Sources */,
				BD3EECBC245DFB6D00A9C557 /* AppDelegate.swift in Sources */,
				BD3EECBE245DFB6D00A9C557 /* SceneDelegate.swift in Sources */,
			);
			runOnlyForDeploymentPostprocessing = 0;
		};
		BD3EECCA245DFB7100A9C557 /* Sources */ = {
			isa = PBXSourcesBuildPhase;
			buildActionMask = 2147483647;
			files = (
				BD3EECD3245DFB7100A9C557 /* FoodTrackerTests.swift in Sources */,
			);
			runOnlyForDeploymentPostprocessing = 0;
		};
		BD3EECD5245DFB7100A9C557 /* Sources */ = {
			isa = PBXSourcesBuildPhase;
			buildActionMask = 2147483647;
			files = (
				BD3EECDE245DFB7100A9C557 /* FoodTrackerUITests.swift in Sources */,
			);
			runOnlyForDeploymentPostprocessing = 0;
		};
/* End PBXSourcesBuildPhase section */

/* Begin PBXTargetDependency section */
		BD3EECD0245DFB7100A9C557 /* PBXTargetDependency */ = {
			isa = PBXTargetDependency;
			target = BD3EECB7245DFB6D00A9C557 /* FoodTracker */;
			targetProxy = BD3EECCF245DFB7100A9C557 /* PBXContainerItemProxy */;
		};
		BD3EECDB245DFB7100A9C557 /* PBXTargetDependency */ = {
			isa = PBXTargetDependency;
			target = BD3EECB7245DFB6D00A9C557 /* FoodTracker */;
			targetProxy = BD3EECDA245DFB7100A9C557 /* PBXContainerItemProxy */;
		};
/* End PBXTargetDependency section */

/* Begin PBXVariantGroup section */
		BD3EECC1245DFB6D00A9C557 /* Main.storyboard */ = {
			isa = PBXVariantGroup;
			children = (
				BD3EECC2245DFB6D00A9C557 /* Base */,
			);
			name = Main.storyboard;
			sourceTree = "<group>";
		};
		BD3EECC6245DFB7100A9C557 /* LaunchScreen.storyboard */ = {
			isa = PBXVariantGroup;
			children = (
				BD3EECC7245DFB7100A9C557 /* Base */,
			);
			name = LaunchScreen.storyboard;
			sourceTree = "<group>";
		};
/* End PBXVariantGroup section */

/* Begin XCBuildConfiguration section */
		BD3EECE0245DFB7100A9C557 /* Debug */ = {
			isa = XCBuildConfiguration;
			buildSettings = {
				ALWAYS_SEARCH_USER_PATHS = NO;
				CLANG_ANALYZER_NONNULL = YES;
				CLANG_ANALYZER_NUMBER_OBJECT_CONVERSION = YES_AGGRESSIVE;
				CLANG_CXX_LANGUAGE_STANDARD = "gnu++14";
				CLANG_CXX_LIBRARY = "libc++";
				CLANG_ENABLE_MODULES = YES;
				CLANG_ENABLE_OBJC_ARC = YES;
				CLANG_ENABLE_OBJC_WEAK = YES;
				CLANG_WARN_BLOCK_CAPTURE_AUTORELEASING = YES;
				CLANG_WARN_BOOL_CONVERSION = YES;
				CLANG_WARN_COMMA = YES;
				CLANG_WARN_CONSTANT_CONVERSION = YES;
				CLANG_WARN_DEPRECATED_OBJC_IMPLEMENTATIONS = YES;
				CLANG_WARN_DIRECT_OBJC_ISA_USAGE = YES_ERROR;
				CLANG_WARN_DOCUMENTATION_COMMENTS = YES;
				CLANG_WARN_EMPTY_BODY = YES;
				CLANG_WARN_ENUM_CONVERSION = YES;
				CLANG_WARN_INFINITE_RECURSION = YES;
				CLANG_WARN_INT_CONVERSION = YES;
				CLANG_WARN_NON_LITERAL_NULL_CONVERSION = YES;
				CLANG_WARN_OBJC_IMPLICIT_RETAIN_SELF = YES;
				CLANG_WARN_OBJC_LITERAL_CONVERSION = YES;
				CLANG_WARN_OBJC_ROOT_CLASS = YES_ERROR;
				CLANG_WARN_RANGE_LOOP_ANALYSIS = YES;
				CLANG_WARN_STRICT_PROTOTYPES = YES;
				CLANG_WARN_SUSPICIOUS_MOVE = YES;
				CLANG_WARN_UNGUARDED_AVAILABILITY = YES_AGGRESSIVE;
				CLANG_WARN_UNREACHABLE_CODE = YES;
				CLANG_WARN__DUPLICATE_METHOD_MATCH = YES;
				COPY_PHASE_STRIP = NO;
				DEBUG_INFORMATION_FORMAT = dwarf;
				ENABLE_STRICT_OBJC_MSGSEND = YES;
				ENABLE_TESTABILITY = YES;
				GCC_C_LANGUAGE_STANDARD = gnu11;
				GCC_DYNAMIC_NO_PIC = NO;
				GCC_NO_COMMON_BLOCKS = YES;
				GCC_OPTIMIZATION_LEVEL = 0;
				GCC_PREPROCESSOR_DEFINITIONS = (
					"DEBUG=1",
					"$(inherited)",
				);
				GCC_WARN_64_TO_32_BIT_CONVERSION = YES;
				GCC_WARN_ABOUT_RETURN_TYPE = YES_ERROR;
				GCC_WARN_UNDECLARED_SELECTOR = YES;
				GCC_WARN_UNINITIALIZED_AUTOS = YES_AGGRESSIVE;
				GCC_WARN_UNUSED_FUNCTION = YES;
				GCC_WARN_UNUSED_VARIABLE = YES;
				IPHONEOS_DEPLOYMENT_TARGET = 13.4;
				MTL_ENABLE_DEBUG_INFO = INCLUDE_SOURCE;
				MTL_FAST_MATH = YES;
				ONLY_ACTIVE_ARCH = YES;
				SDKROOT = iphoneos;
				SWIFT_ACTIVE_COMPILATION_CONDITIONS = DEBUG;
				SWIFT_OPTIMIZATION_LEVEL = "-Onone";
			};
			name = Debug;
		};
		BD3EECE1245DFB7100A9C557 /* Release */ = {
			isa = XCBuildConfiguration;
			buildSettings = {
				ALWAYS_SEARCH_USER_PATHS = NO;
				CLANG_ANALYZER_NONNULL = YES;
				CLANG_ANALYZER_NUMBER_OBJECT_CONVERSION = YES_AGGRESSIVE;
				CLANG_CXX_LANGUAGE_STANDARD = "gnu++14";
				CLANG_CXX_LIBRARY = "libc++";
				CLANG_ENABLE_MODULES = YES;
				CLANG_ENABLE_OBJC_ARC = YES;
				CLANG_ENABLE_OBJC_WEAK = YES;
				CLANG_WARN_BLOCK_CAPTURE_AUTORELEASING = YES;
				CLANG_WARN_BOOL_CONVERSION = YES;
				CLANG_WARN_COMMA = YES;
				CLANG_WARN_CONSTANT_CONVERSION = YES;
				CLANG_WARN_DEPRECATED_OBJC_IMPLEMENTATIONS = YES;
				CLANG_WARN_DIRECT_OBJC_ISA_USAGE = YES_ERROR;
				CLANG_WARN_DOCUMENTATION_COMMENTS = YES;
				CLANG_WARN_EMPTY_BODY = YES;
				CLANG_WARN_ENUM_CONVERSION = YES;
				CLANG_WARN_INFINITE_RECURSION = YES;
				CLANG_WARN_INT_CONVERSION = YES;
				CLANG_WARN_NON_LITERAL_NULL_CONVERSION = YES;
				CLANG_WARN_OBJC_IMPLICIT_RETAIN_SELF = YES;
				CLANG_WARN_OBJC_LITERAL_CONVERSION = YES;
				CLANG_WARN_OBJC_ROOT_CLASS = YES_ERROR;
				CLANG_WARN_RANGE_LOOP_ANALYSIS = YES;
				CLANG_WARN_STRICT_PROTOTYPES = YES;
				CLANG_WARN_SUSPICIOUS_MOVE = YES;
				CLANG_WARN_UNGUARDED_AVAILABILITY = YES_AGGRESSIVE;
				CLANG_WARN_UNREACHABLE_CODE = YES;
				CLANG_WARN__DUPLICATE_METHOD_MATCH = YES;
				COPY_PHASE_STRIP = NO;
				DEBUG_INFORMATION_FORMAT = "dwarf-with-dsym";
				ENABLE_NS_ASSERTIONS = NO;
				ENABLE_STRICT_OBJC_MSGSEND = YES;
				GCC_C_LANGUAGE_STANDARD = gnu11;
				GCC_NO_COMMON_BLOCKS = YES;
				GCC_WARN_64_TO_32_BIT_CONVERSION = YES;
				GCC_WARN_ABOUT_RETURN_TYPE = YES_ERROR;
				GCC_WARN_UNDECLARED_SELECTOR = YES;
				GCC_WARN_UNINITIALIZED_AUTOS = YES_AGGRESSIVE;
				GCC_WARN_UNUSED_FUNCTION = YES;
				GCC_WARN_UNUSED_VARIABLE = YES;
				IPHONEOS_DEPLOYMENT_TARGET = 13.4;
				MTL_ENABLE_DEBUG_INFO = NO;
				MTL_FAST_MATH = YES;
				SDKROOT = iphoneos;
				SWIFT_COMPILATION_MODE = wholemodule;
				SWIFT_OPTIMIZATION_LEVEL = "-O";
				VALIDATE_PRODUCT = YES;
			};
			name = Release;
		};
		BD3EECE3245DFB7100A9C557 /* Debug */ = {
			isa = XCBuildConfiguration;
			buildSettings = {
				ASSETCATALOG_COMPILER_APPICON_NAME = AppIcon;
				CODE_SIGN_STYLE = Automatic;
				INFOPLIST_FILE = FoodTracker/Info.plist;
				LD_RUNPATH_SEARCH_PATHS = (
					"$(inherited)",
					"@executable_path/Frameworks",
				);
				PRODUCT_BUNDLE_IDENTIFIER = com.example.FoodTracker;
				PRODUCT_NAME = "$(TARGET_NAME)";
				SWIFT_VERSION = 5.0;
				TARGETED_DEVICE_FAMILY = "1,2";
			};
			name = Debug;
		};
		BD3EECE4245DFB7100A9C557 /* Release */ = {
			isa = XCBuildConfiguration;
			buildSettings = {
				ASSETCATALOG_COMPILER_APPICON_NAME = AppIcon;
				CODE_SIGN_STYLE = Automatic;
				INFOPLIST_FILE = FoodTracker/Info.plist;
				LD_RUNPATH_SEARCH_PATHS = (
					"$(inherited)",
					"@executable_path/Frameworks",
				);
				PRODUCT_BUNDLE_IDENTIFIER = com.example.FoodTracker;
				PRODUCT_NAME = "$(TARGET_NAME)";
				SWIFT_VERSION = 5.0;
				TARGETED_DEVICE_FAMILY = "1,2";
			};
			name = Release;
		};
		BD3EECE6245DFB7100A9C557 /* Debug */ = {
			isa = XCBuildConfiguration;
			buildSettings = {
				ALWAYS_EMBED_SWIFT_STANDARD_LIBRARIES = YES;
				BUNDLE_LOADER = "$(TEST_HOST)";
				CODE_SIGN_STYLE = Automatic;
				INFOPLIST_FILE = FoodTrackerTests/Info.plist;
				IPHONEOS_DEPLOYMENT_TARGET = 13.4;
				LD_RUNPATH_SEARCH_PATHS = (
					"$(inherited)",
					"@executable_path/Frameworks",
					"@loader_path/Frameworks",
				);
				PRODUCT_BUNDLE_IDENTIFIER = com.example.FoodTrackerTests;
				PRODUCT_NAME = "$(TARGET_NAME)";
				SWIFT_VERSION = 5.0;
				TARGETED_DEVICE_FAMILY = "1,2";
				TEST_HOST = "$(BUILT_PRODUCTS_DIR)/FoodTracker.app/FoodTracker";
			};
			name = Debug;
		};
		BD3EECE7245DFB7100A9C557 /* Release */ = {
			isa = XCBuildConfiguration;
			buildSettings = {
				ALWAYS_EMBED_SWIFT_STANDARD_LIBRARIES = YES;
				BUNDLE_LOADER = "$(TEST_HOST)";
				CODE_SIGN_STYLE = Automatic;
				INFOPLIST_FILE = FoodTrackerTests/Info.plist;
				IPHONEOS_DEPLOYMENT_TARGET = 13.4;
				LD_RUNPATH_SEARCH_PATHS = (
					"$(inherited)",
					"@executable_path/Frameworks",
					"@loader_path/Frameworks",
				);
				PRODUCT_BUNDLE_IDENTIFIER = com.example.FoodTrackerTests;
				PRODUCT_NAME = "$(TARGET_NAME)";
				SWIFT_VERSION = 5.0;
				TARGETED_DEVICE_FAMILY = "1,2";
				TEST_HOST = "$(BUILT_PRODUCTS_DIR)/FoodTracker.app/FoodTracker";
			};
			name = Release;
		};
		BD3EECE9245DFB7100A9C557 /* Debug */ = {
			isa = XCBuildConfiguration;
			buildSettings = {
				ALWAYS_EMBED_SWIFT_STANDARD_LIBRARIES = YES;
				CODE_SIGN_STYLE = Automatic;
				INFOPLIST_FILE = FoodTrackerUITests/Info.plist;
				LD_RUNPATH_SEARCH_PATHS = (
					"$(inherited)",
					"@executable_path/Frameworks",
					"@loader_path/Frameworks",
				);
				PRODUCT_BUNDLE_IDENTIFIER = com.example.FoodTrackerUITests;
				PRODUCT_NAME = "$(TARGET_NAME)";
				SWIFT_VERSION = 5.0;
				TARGETED_DEVICE_FAMILY = "1,2";
				TEST_TARGET_NAME = FoodTracker;
			};
			name = Debug;
		};
		BD3EECEA245DFB7100A9C557 /* Release */ = {
			isa = XCBuildConfiguration;
			buildSettings = {
				ALWAYS_EMBED_SWIFT_STANDARD_LIBRARIES = YES;
				CODE_SIGN_STYLE = Automatic;
				INFOPLIST_FILE = FoodTrackerUITests/Info.plist;
				LD_RUNPATH_SEARCH_PATHS = (
					"$(inherited)",
					"@executable_path/Frameworks",
					"@loader_path/Frameworks",
				);
				PRODUCT_BUNDLE_IDENTIFIER = com.example.FoodTrackerUITests;
				PRODUCT_NAME = "$(TARGET_NAME)";
				SWIFT_VERSION = 5.0;
				TARGETED_DEVICE_FAMILY = "1,2";
				TEST_TARGET_NAME = FoodTracker;
			};
			name = Release;
		};
/* End XCBuildConfiguration section */

/* Begin XCConfigurationList section */
		BD3EECB3245DFB6D00A9C557 /* Build configuration list for PBXProject "FoodTracker" */ = {
			isa = XCConfigurationList;
			buildConfigurations = (
				BD3EECE0245DFB7100A9C557 /* Debug */,
				BD3EECE1245DFB7100A9C557 /* Release */,
			);
			defaultConfigurationIsVisible = 0;
			defaultConfigurationName = Release;
		};
		BD3EECE2245DFB7100A9C557 /* Build configuration list for PBXNativeTarget "FoodTracker" */ = {
			isa = XCConfigurationList;
			buildConfigurations = (
				BD3EECE3245DFB7100A9C557 /* Debug */,
				BD3EECE4245DFB7100A9C557 /* Release */,
			);
			defaultConfigurationIsVisible = 0;
			defaultConfigurationName = Release;
		};
		BD3EECE5245DFB7100A9C557 /* Build configuration list for PBXNativeTarget "FoodTrackerTests" */ = {
			isa = XCConfigurationList;
			buildConfigurations = (
				BD3EECE6245DFB7100A9C557 /* Debug */,
				BD3EECE7245DFB7100A9C557 /* Release */,
			);
			defaultConfigurationIsVisible = 0;
			defaultConfigurationName = Release;
		};
		BD3EECE8245DFB7100A9C557 /* Build configuration list for PBXNativeTarget "FoodTrackerUITests" */ = {
			isa = XCConfigurationList;
			buildConfigurations = (
				BD3EECE9245DFB7100A9C557 /* Debug */,
				BD3EECEA245DFB7100A9C557 /* Release */,
			);
			defaultConfigurationIsVisible = 0;
			defaultConfigurationName = Release;
		};
/* End XCConfigurationList section */
	};
	rootObject = BD3EECB0245DFB6D00A9C557 /* Project object */;
}
